
Microsoft Visual Studio Solution File, Format Version 12.00
# Visual Studio 15
VisualStudioVersion = 15.0.26228.4
MinimumVisualStudioVersion = 10.0.40219.1
Project("{FAE04EC0-301F-11D3-BF4B-00C04F79EFBC}") = "AdapterExample", "Adapter.Demonstration\AdapterExample.csproj", "{7C7B0781-E003-4ECD-9BE3-34E63FA55BB9}"
EndProject
Project("{FAE04EC0-301F-11D3-BF4B-00C04F79EFBC}") = "Adapter", "Adapter\Adapter.csproj", "{1435EE58-894B-48DD-B510-8C70D6309F8F}"
EndProject
Global
	GlobalSection(SolutionConfigurationPlatforms) = preSolution
		Debug|Any CPU = Debug|Any CPU
		Release|Any CPU = Release|Any CPU
	EndGlobalSection
	GlobalSection(ProjectConfigurationPlatforms) = postSolution
		{7C7B0781-E003-4ECD-9BE3-34E63FA55BB9}.Debug|Any CPU.ActiveCfg = Debug|Any CPU
		{7C7B0781-E003-4ECD-9BE3-34E63FA55BB9}.Debug|Any CPU.Build.0 = Debug|Any CPU
		{7C7B0781-E003-4ECD-9BE3-34E63FA55BB9}.Release|Any CPU.ActiveCfg = Release|Any CPU
		{7C7B0781-E003-4ECD-9BE3-34E63FA55BB9}.Release|Any CPU.Build.0 = Release|Any CPU
		{1435EE58-894B-48DD-B510-8C70D6309F8F}.Debug|Any CPU.ActiveCfg = Debug|Any CPU
		{1435EE58-894B-48DD-B510-8C70D6309F8F}.Debug|Any CPU.Build.0 = Debug|Any CPU
		{1435EE58-894B-48DD-B510-8C70D6309F8F}.Release|Any CPU.ActiveCfg = Release|Any CPU
		{1435EE58-894B-48DD-B510-8C70D6309F8F}.Release|Any CPU.Build.0 = Release|Any CPU
	EndGlobalSection
	GlobalSection(SolutionProperties) = preSolution
		HideSolutionNode = FALSE
	EndGlobalSection
	GlobalSection(ExtensibilityGlobals) = postSolution
		SolutionGuid = {931D59A6-2154-4087-991A-7664AFA8E697}
	EndGlobalSection
EndGlobal
