
Microsoft Visual Studio Solution File, Format Version 12.00
# Visual Studio 15
VisualStudioVersion = 15.0.26228.4
MinimumVisualStudioVersion = 10.0.40219.1
Project("{FAE04EC0-301F-11D3-BF4B-00C04F79EFBC}") = "Facade.Demonstration", "Facade.Demonstration\Facade.Demonstration.csproj", "{14EF5941-1A82-4FD6-BE3D-D66D774126D8}"
EndProject
Project("{FAE04EC0-301F-11D3-BF4B-00C04F79EFBC}") = "Facade", "Facade\Facade.csproj", "{43ED3D23-2BDD-46E8-BC38-3AFE22659682}"
EndProject
Global
	GlobalSection(SolutionConfigurationPlatforms) = preSolution
		Debug|Any CPU = Debug|Any CPU
		Release|Any CPU = Release|Any CPU
	EndGlobalSection
	GlobalSection(ProjectConfigurationPlatforms) = postSolution
		{14EF5941-1A82-4FD6-BE3D-D66D774126D8}.Debug|Any CPU.ActiveCfg = Debug|Any CPU
		{14EF5941-1A82-4FD6-BE3D-D66D774126D8}.Debug|Any CPU.Build.0 = Debug|Any CPU
		{14EF5941-1A82-4FD6-BE3D-D66D774126D8}.Release|Any CPU.ActiveCfg = Release|Any CPU
		{14EF5941-1A82-4FD6-BE3D-D66D774126D8}.Release|Any CPU.Build.0 = Release|Any CPU
		{43ED3D23-2BDD-46E8-BC38-3AFE22659682}.Debug|Any CPU.ActiveCfg = Debug|Any CPU
		{43ED3D23-2BDD-46E8-BC38-3AFE22659682}.Debug|Any CPU.Build.0 = Debug|Any CPU
		{43ED3D23-2BDD-46E8-BC38-3AFE22659682}.Release|Any CPU.ActiveCfg = Release|Any CPU
		{43ED3D23-2BDD-46E8-BC38-3AFE22659682}.Release|Any CPU.Build.0 = Release|Any CPU
	EndGlobalSection
	GlobalSection(SolutionProperties) = preSolution
		HideSolutionNode = FALSE
	EndGlobalSection
	GlobalSection(ExtensibilityGlobals) = postSolution
		SolutionGuid = {6BD07295-FC48-4768-8522-31D921034582}
	EndGlobalSection
EndGlobal
